
Microsoft Visual Studio Solution File, Format Version 12.00
# Visual Studio Version 17
VisualStudioVersion = 17.4.33205.214
MinimumVisualStudioVersion = 10.0.40219.1
Project("{9A19103F-16F7-4668-BE54-9A1E7A4F7556}") = "QistasLinks", "QistasLinks\QistasLinks\QistasLinks.csproj", "{633E5D18-1603-4F4F-B72A-0BC308ED44FB}"
EndProject
Project("{9A19103F-16F7-4668-BE54-9A1E7A4F7556}") = "QAnalyzer", "QAnalyzer\QAnalyzer.csproj", "{7144D05C-5B5A-4D30-B406-641CFC6F62DF}"
EndProject
Project("{9A19103F-16F7-4668-BE54-9A1E7A4F7556}") = "QExamples", "Test\QExamples.csproj", "{F5040904-5575-496E-92B7-EB3C7FDAD9C5}"
EndProject
Project("{9A19103F-16F7-4668-BE54-9A1E7A4F7556}") = "Qistas", "Common\Qistas.csproj", "{1BC875BB-1B88-40DE-88EF-615DC0566386}"
EndProject
Global
	GlobalSection(SolutionConfigurationPlatforms) = preSolution
		Debug|Any CPU = Debug|Any CPU
		Release|Any CPU = Release|Any CPU
	EndGlobalSection
	GlobalSection(ProjectConfigurationPlatforms) = postSolution
		{633E5D18-1603-4F4F-B72A-0BC308ED44FB}.Debug|Any CPU.ActiveCfg = Debug|Any CPU
		{633E5D18-1603-4F4F-B72A-0BC308ED44FB}.Debug|Any CPU.Build.0 = Debug|Any CPU
		{633E5D18-1603-4F4F-B72A-0BC308ED44FB}.Release|Any CPU.ActiveCfg = Release|Any CPU
		{633E5D18-1603-4F4F-B72A-0BC308ED44FB}.Release|Any CPU.Build.0 = Release|Any CPU
		{7144D05C-5B5A-4D30-B406-641CFC6F62DF}.Debug|Any CPU.ActiveCfg = Debug|Any CPU
		{7144D05C-5B5A-4D30-B406-641CFC6F62DF}.Debug|Any CPU.Build.0 = Debug|Any CPU
		{7144D05C-5B5A-4D30-B406-641CFC6F62DF}.Release|Any CPU.ActiveCfg = Release|Any CPU
		{7144D05C-5B5A-4D30-B406-641CFC6F62DF}.Release|Any CPU.Build.0 = Release|Any CPU
		{F5040904-5575-496E-92B7-EB3C7FDAD9C5}.Debug|Any CPU.ActiveCfg = Debug|Any CPU
		{F5040904-5575-496E-92B7-EB3C7FDAD9C5}.Debug|Any CPU.Build.0 = Debug|Any CPU
		{F5040904-5575-496E-92B7-EB3C7FDAD9C5}.Release|Any CPU.ActiveCfg = Release|Any CPU
		{F5040904-5575-496E-92B7-EB3C7FDAD9C5}.Release|Any CPU.Build.0 = Release|Any CPU
		{1BC875BB-1B88-40DE-88EF-615DC0566386}.Debug|Any CPU.ActiveCfg = Debug|Any CPU
		{1BC875BB-1B88-40DE-88EF-615DC0566386}.Debug|Any CPU.Build.0 = Debug|Any CPU
		{1BC875BB-1B88-40DE-88EF-615DC0566386}.Release|Any CPU.ActiveCfg = Release|Any CPU
		{1BC875BB-1B88-40DE-88EF-615DC0566386}.Release|Any CPU.Build.0 = Release|Any CPU
	EndGlobalSection
	GlobalSection(SolutionProperties) = preSolution
		HideSolutionNode = FALSE
	EndGlobalSection
	GlobalSection(ExtensibilityGlobals) = postSolution
		SolutionGuid = {A859C6E6-0DC7-4BC1-BDFC-116371A34AD7}
	EndGlobalSection
EndGlobal
